
Microsoft Visual Studio Solution File, Format Version 12.00
# Visual Studio 15
Project("{FAE04EC0-301F-11D3-BF4B-00C04F79EFBC}") = "Assembly-CSharp", "Assembly-CSharp.csproj", "{C1FAE0F2-424B-A472-FF64-8D0DAF2CF09E}"
EndProject
Project("{FAE04EC0-301F-11D3-BF4B-00C04F79EFBC}") = "PhotonUnityNetworking.Utilities", "PhotonUnityNetworking.Utilities.csproj", "{D9FB0C7F-404F-0D85-7340-2268D0406CCB}"
EndProject
Project("{FAE04EC0-301F-11D3-BF4B-00C04F79EFBC}") = "PhotonChat", "PhotonChat.csproj", "{5BE3A294-56AA-81E8-169C-138D3CB43929}"
EndProject
Project("{FAE04EC0-301F-11D3-BF4B-00C04F79EFBC}") = "PhotonUnityNetworking", "PhotonUnityNetworking.csproj", "{EBBC4DCD-79AC-1D51-1F3C-D156510B9FEF}"
EndProject
Project("{FAE04EC0-301F-11D3-BF4B-00C04F79EFBC}") = "PhotonRealtime", "PhotonRealtime.csproj", "{3015F383-5BE1-4091-A898-2739572AAA9B}"
EndProject
Project("{FAE04EC0-301F-11D3-BF4B-00C04F79EFBC}") = "PhotonWebSocket", "PhotonWebSocket.csproj", "{ED5E20E1-FA25-112B-3E69-9025151FB96F}"
EndProject
Project("{FAE04EC0-301F-11D3-BF4B-00C04F79EFBC}") = "Assembly-CSharp-Editor", "Assembly-CSharp-Editor.csproj", "{E9F75D3F-8218-5B5B-B691-0AEF55BCFEDB}"
EndProject
Project("{FAE04EC0-301F-11D3-BF4B-00C04F79EFBC}") = "PhotonUnityNetworking.Editor", "PhotonUnityNetworking.Editor.csproj", "{ECD6D524-5631-643B-CA41-71E4E50B18BE}"
EndProject
Project("{FAE04EC0-301F-11D3-BF4B-00C04F79EFBC}") = "PhotonUnityNetworking.Utilities.PhotonPlayer.Editor", "PhotonUnityNetworking.Utilities.PhotonPlayer.Editor.csproj", "{5E7CAF8E-AE03-3AD5-B161-2FE4FF774410}"
EndProject
Project("{FAE04EC0-301F-11D3-BF4B-00C04F79EFBC}") = "PhotonUnityNetworking.Utilities.Culling.Editor", "PhotonUnityNetworking.Utilities.Culling.Editor.csproj", "{B93477DC-E285-8ABE-40F5-065273019F05}"
EndProject
Global
	GlobalSection(SolutionConfigurationPlatforms) = preSolution
		Debug|Any CPU = Debug|Any CPU
		Release|Any CPU = Release|Any CPU
	EndGlobalSection
	GlobalSection(ProjectConfigurationPlatforms) = postSolution
		{C1FAE0F2-424B-A472-FF64-8D0DAF2CF09E}.Debug|Any CPU.ActiveCfg = Debug|Any CPU
		{C1FAE0F2-424B-A472-FF64-8D0DAF2CF09E}.Debug|Any CPU.Build.0 = Debug|Any CPU
		{C1FAE0F2-424B-A472-FF64-8D0DAF2CF09E}.Release|Any CPU.ActiveCfg = Release|Any CPU
		{C1FAE0F2-424B-A472-FF64-8D0DAF2CF09E}.Release|Any CPU.Build.0 = Release|Any CPU
		{D9FB0C7F-404F-0D85-7340-2268D0406CCB}.Debug|Any CPU.ActiveCfg = Debug|Any CPU
		{D9FB0C7F-404F-0D85-7340-2268D0406CCB}.Debug|Any CPU.Build.0 = Debug|Any CPU
		{D9FB0C7F-404F-0D85-7340-2268D0406CCB}.Release|Any CPU.ActiveCfg = Release|Any CPU
		{D9FB0C7F-404F-0D85-7340-2268D0406CCB}.Release|Any CPU.Build.0 = Release|Any CPU
		{5BE3A294-56AA-81E8-169C-138D3CB43929}.Debug|Any CPU.ActiveCfg = Debug|Any CPU
		{5BE3A294-56AA-81E8-169C-138D3CB43929}.Debug|Any CPU.Build.0 = Debug|Any CPU
		{5BE3A294-56AA-81E8-169C-138D3CB43929}.Release|Any CPU.ActiveCfg = Release|Any CPU
		{5BE3A294-56AA-81E8-169C-138D3CB43929}.Release|Any CPU.Build.0 = Release|Any CPU
		{EBBC4DCD-79AC-1D51-1F3C-D156510B9FEF}.Debug|Any CPU.ActiveCfg = Debug|Any CPU
		{EBBC4DCD-79AC-1D51-1F3C-D156510B9FEF}.Debug|Any CPU.Build.0 = Debug|Any CPU
		{EBBC4DCD-79AC-1D51-1F3C-D156510B9FEF}.Release|Any CPU.ActiveCfg = Release|Any CPU
		{EBBC4DCD-79AC-1D51-1F3C-D156510B9FEF}.Release|Any CPU.Build.0 = Release|Any CPU
		{3015F383-5BE1-4091-A898-2739572AAA9B}.Debug|Any CPU.ActiveCfg = Debug|Any CPU
		{3015F383-5BE1-4091-A898-2739572AAA9B}.Debug|Any CPU.Build.0 = Debug|Any CPU
		{3015F383-5BE1-4091-A898-2739572AAA9B}.Release|Any CPU.ActiveCfg = Release|Any CPU
		{3015F383-5BE1-4091-A898-2739572AAA9B}.Release|Any CPU.Build.0 = Release|Any CPU
		{ED5E20E1-FA25-112B-3E69-9025151FB96F}.Debug|Any CPU.ActiveCfg = Debug|Any CPU
		{ED5E20E1-FA25-112B-3E69-9025151FB96F}.Debug|Any CPU.Build.0 = Debug|Any CPU
		{ED5E20E1-FA25-112B-3E69-9025151FB96F}.Release|Any CPU.ActiveCfg = Release|Any CPU
		{ED5E20E1-FA25-112B-3E69-9025151FB96F}.Release|Any CPU.Build.0 = Release|Any CPU
		{E9F75D3F-8218-5B5B-B691-0AEF55BCFEDB}.Debug|Any CPU.ActiveCfg = Debug|Any CPU
		{E9F75D3F-8218-5B5B-B691-0AEF55BCFEDB}.Debug|Any CPU.Build.0 = Debug|Any CPU
		{E9F75D3F-8218-5B5B-B691-0AEF55BCFEDB}.Release|Any CPU.ActiveCfg = Release|Any CPU
		{E9F75D3F-8218-5B5B-B691-0AEF55BCFEDB}.Release|Any CPU.Build.0 = Release|Any CPU
		{ECD6D524-5631-643B-CA41-71E4E50B18BE}.Debug|Any CPU.ActiveCfg = Debug|Any CPU
		{ECD6D524-5631-643B-CA41-71E4E50B18BE}.Debug|Any CPU.Build.0 = Debug|Any CPU
		{ECD6D524-5631-643B-CA41-71E4E50B18BE}.Release|Any CPU.ActiveCfg = Release|Any CPU
		{ECD6D524-5631-643B-CA41-71E4E50B18BE}.Release|Any CPU.Build.0 = Release|Any CPU
		{5E7CAF8E-AE03-3AD5-B161-2FE4FF774410}.Debug|Any CPU.ActiveCfg = Debug|Any CPU
		{5E7CAF8E-AE03-3AD5-B161-2FE4FF774410}.Debug|Any CPU.Build.0 = Debug|Any CPU
		{5E7CAF8E-AE03-3AD5-B161-2FE4FF774410}.Release|Any CPU.ActiveCfg = Release|Any CPU
		{5E7CAF8E-AE03-3AD5-B161-2FE4FF774410}.Release|Any CPU.Build.0 = Release|Any CPU
		{B93477DC-E285-8ABE-40F5-065273019F05}.Debug|Any CPU.ActiveCfg = Debug|Any CPU
		{B93477DC-E285-8ABE-40F5-065273019F05}.Debug|Any CPU.Build.0 = Debug|Any CPU
		{B93477DC-E285-8ABE-40F5-065273019F05}.Release|Any CPU.ActiveCfg = Release|Any CPU
		{B93477DC-E285-8ABE-40F5-065273019F05}.Release|Any CPU.Build.0 = Release|Any CPU
	EndGlobalSection
	GlobalSection(SolutionProperties) = preSolution
		HideSolutionNode = FALSE
	EndGlobalSection
EndGlobal
